
Microsoft Visual Studio Solution File, Format Version 12.00
# Visual Studio Version 16
VisualStudioVersion = 25.0.1705.4
MinimumVisualStudioVersion = 10.0.40219.1
Project("{FAE04EC0-301F-11D3-BF4B-00C04F79EFBC}") = "MergeTwoStrings", "ForWhileLoopsEx\MergeTwoStrings.csproj", "{C7F2136B-3F4C-4CEE-B8BB-314C962FE285}"
EndProject
Project("{FAE04EC0-301F-11D3-BF4B-00C04F79EFBC}") = "FizzBuzz", "FizzBuzz\FizzBuzz.csproj", "{A1511AFC-AF56-4AF2-B275-10063007C779}"
EndProject
Project("{FAE04EC0-301F-11D3-BF4B-00C04F79EFBC}") = "CheckTheSum", "CheckTheSum\CheckTheSum.csproj", "{CF213B50-A9AA-47DF-8A00-0EA3BE281E2A}"
EndProject
Project("{FAE04EC0-301F-11D3-BF4B-00C04F79EFBC}") = "CheckPalindrome", "CheckPalindrome\CheckPalindrome.csproj", "{7858018E-0095-49A5-A361-440DB3B77E01}"
EndProject
Global
	GlobalSection(SolutionConfigurationPlatforms) = preSolution
		Debug|Any CPU = Debug|Any CPU
		Release|Any CPU = Release|Any CPU
	EndGlobalSection
	GlobalSection(ProjectConfigurationPlatforms) = postSolution
		{C7F2136B-3F4C-4CEE-B8BB-314C962FE285}.Debug|Any CPU.ActiveCfg = Debug|Any CPU
		{C7F2136B-3F4C-4CEE-B8BB-314C962FE285}.Debug|Any CPU.Build.0 = Debug|Any CPU
		{C7F2136B-3F4C-4CEE-B8BB-314C962FE285}.Release|Any CPU.ActiveCfg = Release|Any CPU
		{C7F2136B-3F4C-4CEE-B8BB-314C962FE285}.Release|Any CPU.Build.0 = Release|Any CPU
		{A1511AFC-AF56-4AF2-B275-10063007C779}.Debug|Any CPU.ActiveCfg = Debug|Any CPU
		{A1511AFC-AF56-4AF2-B275-10063007C779}.Debug|Any CPU.Build.0 = Debug|Any CPU
		{A1511AFC-AF56-4AF2-B275-10063007C779}.Release|Any CPU.ActiveCfg = Release|Any CPU
		{A1511AFC-AF56-4AF2-B275-10063007C779}.Release|Any CPU.Build.0 = Release|Any CPU
		{CF213B50-A9AA-47DF-8A00-0EA3BE281E2A}.Debug|Any CPU.ActiveCfg = Debug|Any CPU
		{CF213B50-A9AA-47DF-8A00-0EA3BE281E2A}.Debug|Any CPU.Build.0 = Debug|Any CPU
		{CF213B50-A9AA-47DF-8A00-0EA3BE281E2A}.Release|Any CPU.ActiveCfg = Release|Any CPU
		{CF213B50-A9AA-47DF-8A00-0EA3BE281E2A}.Release|Any CPU.Build.0 = Release|Any CPU
		{7858018E-0095-49A5-A361-440DB3B77E01}.Debug|Any CPU.ActiveCfg = Debug|Any CPU
		{7858018E-0095-49A5-A361-440DB3B77E01}.Debug|Any CPU.Build.0 = Debug|Any CPU
		{7858018E-0095-49A5-A361-440DB3B77E01}.Release|Any CPU.ActiveCfg = Release|Any CPU
		{7858018E-0095-49A5-A361-440DB3B77E01}.Release|Any CPU.Build.0 = Release|Any CPU
	EndGlobalSection
	GlobalSection(SolutionProperties) = preSolution
		HideSolutionNode = FALSE
	EndGlobalSection
	GlobalSection(ExtensibilityGlobals) = postSolution
		SolutionGuid = {DE39A5F5-0161-441A-967A-C2A45D8CCBF9}
	EndGlobalSection
EndGlobal
