
Microsoft Visual Studio Solution File, Format Version 12.00
# Visual Studio Version 16
VisualStudioVersion = 25.0.1705.4
MinimumVisualStudioVersion = 10.0.40219.1
Project("{FAE04EC0-301F-11D3-BF4B-00C04F79EFBC}") = "Merge", "Merge\Merge.csproj", "{ABFB734D-74B4-4AB6-80D8-81FDFFC4640E}"
EndProject
Global
	GlobalSection(SolutionConfigurationPlatforms) = preSolution
		Debug|Any CPU = Debug|Any CPU
		Release|Any CPU = Release|Any CPU
	EndGlobalSection
	GlobalSection(ProjectConfigurationPlatforms) = postSolution
		{ABFB734D-74B4-4AB6-80D8-81FDFFC4640E}.Debug|Any CPU.ActiveCfg = Debug|Any CPU
		{ABFB734D-74B4-4AB6-80D8-81FDFFC4640E}.Debug|Any CPU.Build.0 = Debug|Any CPU
		{ABFB734D-74B4-4AB6-80D8-81FDFFC4640E}.Release|Any CPU.ActiveCfg = Release|Any CPU
		{ABFB734D-74B4-4AB6-80D8-81FDFFC4640E}.Release|Any CPU.Build.0 = Release|Any CPU
	EndGlobalSection
	GlobalSection(SolutionProperties) = preSolution
		HideSolutionNode = FALSE
	EndGlobalSection
	GlobalSection(ExtensibilityGlobals) = postSolution
		SolutionGuid = {1B5054E1-B3C4-44DD-BA07-B1237D4381F0}
	EndGlobalSection
EndGlobal
