
Microsoft Visual Studio Solution File, Format Version 12.00
# Visual Studio Version 16
VisualStudioVersion = 25.0.1705.4
MinimumVisualStudioVersion = 10.0.40219.1
Project("{FAE04EC0-301F-11D3-BF4B-00C04F79EFBC}") = "First Project", "First Project\First Project.csproj", "{A7C1DF50-A5C9-46D3-BC40-53BC9AC44940}"
EndProject
Global
	GlobalSection(SolutionConfigurationPlatforms) = preSolution
		Debug|Any CPU = Debug|Any CPU
		Release|Any CPU = Release|Any CPU
	EndGlobalSection
	GlobalSection(ProjectConfigurationPlatforms) = postSolution
		{A7C1DF50-A5C9-46D3-BC40-53BC9AC44940}.Debug|Any CPU.ActiveCfg = Debug|Any CPU
		{A7C1DF50-A5C9-46D3-BC40-53BC9AC44940}.Debug|Any CPU.Build.0 = Debug|Any CPU
		{A7C1DF50-A5C9-46D3-BC40-53BC9AC44940}.Release|Any CPU.ActiveCfg = Release|Any CPU
		{A7C1DF50-A5C9-46D3-BC40-53BC9AC44940}.Release|Any CPU.Build.0 = Release|Any CPU
	EndGlobalSection
	GlobalSection(SolutionProperties) = preSolution
		HideSolutionNode = FALSE
	EndGlobalSection
	GlobalSection(ExtensibilityGlobals) = postSolution
		SolutionGuid = {D1F9BD57-944B-40C2-A918-4538E80DE3C7}
	EndGlobalSection
EndGlobal
