
Microsoft Visual Studio Solution File, Format Version 12.00
# Visual Studio Version 16
VisualStudioVersion = 25.0.1705.4
MinimumVisualStudioVersion = 10.0.40219.1
Project("{FAE04EC0-301F-11D3-BF4B-00C04F79EFBC}") = "Task2", "Task2\Task2.csproj", "{7D3F02D8-4EF2-4C23-973F-63DF2B53BB50}"
EndProject
Project("{FAE04EC0-301F-11D3-BF4B-00C04F79EFBC}") = "Task1", "Task1\Task1.csproj", "{F043BE6C-8EFE-4E0E-AAEC-0F7CCDFD752D}"
EndProject
Global
	GlobalSection(SolutionConfigurationPlatforms) = preSolution
		Debug|Any CPU = Debug|Any CPU
		Release|Any CPU = Release|Any CPU
	EndGlobalSection
	GlobalSection(ProjectConfigurationPlatforms) = postSolution
		{7D3F02D8-4EF2-4C23-973F-63DF2B53BB50}.Debug|Any CPU.ActiveCfg = Debug|Any CPU
		{7D3F02D8-4EF2-4C23-973F-63DF2B53BB50}.Debug|Any CPU.Build.0 = Debug|Any CPU
		{7D3F02D8-4EF2-4C23-973F-63DF2B53BB50}.Release|Any CPU.ActiveCfg = Release|Any CPU
		{7D3F02D8-4EF2-4C23-973F-63DF2B53BB50}.Release|Any CPU.Build.0 = Release|Any CPU
		{F043BE6C-8EFE-4E0E-AAEC-0F7CCDFD752D}.Debug|Any CPU.ActiveCfg = Debug|Any CPU
		{F043BE6C-8EFE-4E0E-AAEC-0F7CCDFD752D}.Debug|Any CPU.Build.0 = Debug|Any CPU
		{F043BE6C-8EFE-4E0E-AAEC-0F7CCDFD752D}.Release|Any CPU.ActiveCfg = Release|Any CPU
		{F043BE6C-8EFE-4E0E-AAEC-0F7CCDFD752D}.Release|Any CPU.Build.0 = Release|Any CPU
	EndGlobalSection
	GlobalSection(SolutionProperties) = preSolution
		HideSolutionNode = FALSE
	EndGlobalSection
	GlobalSection(ExtensibilityGlobals) = postSolution
		SolutionGuid = {E416DF15-858F-4C2B-A553-AB7651F62AB5}
	EndGlobalSection
EndGlobal
